Microsoft Visual Studio Solution File, Format Version 12.00
# Visual Studio 2012
Project("{FAE04EC0-301F-11D3-BF4B-00C04F79EFBC}") = "License C# Game 2", "License C# Game 2.csproj", "{8CD96809-D4B5-4E5F-850B-2574B8128826}"
EndProject
Global
	GlobalSection(SolutionConfigurationPlatforms) = preSolution
	Debug|Any CPU = Debug|Any CPU
	ExportDebug|Any CPU = ExportDebug|Any CPU
	ExportRelease|Any CPU = ExportRelease|Any CPU
	EndGlobalSection
	GlobalSection(ProjectConfigurationPlatforms) = postSolution
		{8CD96809-D4B5-4E5F-850B-2574B8128826}.Debug|Any CPU.ActiveCfg = Debug|Any CPU
		{8CD96809-D4B5-4E5F-850B-2574B8128826}.Debug|Any CPU.Build.0 = Debug|Any CPU
		{8CD96809-D4B5-4E5F-850B-2574B8128826}.ExportDebug|Any CPU.ActiveCfg = ExportDebug|Any CPU
		{8CD96809-D4B5-4E5F-850B-2574B8128826}.ExportDebug|Any CPU.Build.0 = ExportDebug|Any CPU
		{8CD96809-D4B5-4E5F-850B-2574B8128826}.ExportRelease|Any CPU.ActiveCfg = ExportRelease|Any CPU
		{8CD96809-D4B5-4E5F-850B-2574B8128826}.ExportRelease|Any CPU.Build.0 = ExportRelease|Any CPU
	EndGlobalSection
EndGlobal
